// !$*UTF8*$!
{
	archiveVersion = 1;
	classes = {
	};
	objectVersion = 56;
	objects = {

/* Begin PBXBuildFile section */
		7CEEF2462970638400014CE9 /* AppDelegate.swift in Sources */ = {isa = PBXBuildFile; fileRef = 7CEEF2452970638400014CE9 /* AppDelegate.swift */; };
		7CEEF2482970638400014CE9 /* SceneDelegate.swift in Sources */ = {isa = PBXBuildFile; fileRef = 7CEEF2472970638400014CE9 /* SceneDelegate.swift */; };
		7CEEF24A2970638400014CE9 /* ViewController.swift in Sources */ = {isa = PBXBuildFile; fileRef = 7CEEF2492970638400014CE9 /* ViewController.swift */; };
		7CEEF24D2970638400014CE9 /* Main.storyboard in Resources */ = {isa = PBXBuildFile; fileRef = 7CEEF24B2970638400014CE9 /* Main.storyboard */; };
		7CEEF2502970638400014CE9 /* Assignment_1.xcdatamodeld in Sources */ = {isa = PBXBuildFile; fileRef = 7CEEF24E2970638400014CE9 /* Assignment_1.xcdatamodeld */; };
		7CEEF2522970638500014CE9 /* Assets.xcassets in Resources */ = {isa = PBXBuildFile; fileRef = 7CEEF2512970638500014CE9 /* Assets.xcassets */; };
		7CEEF2552970638500014CE9 /* LaunchScreen.storyboard in Resources */ = {isa = PBXBuildFile; fileRef = 7CEEF2532970638500014CE9 /* LaunchScreen.storyboard */; };
		7CEEF2602970638500014CE9 /* Assignment_1Tests.swift in Sources */ = {isa = PBXBuildFile; fileRef = 7CEEF25F2970638500014CE9 /* Assignment_1Tests.swift */; };
		7CEEF26A2970638500014CE9 /* Assignment_1UITests.swift in Sources */ = {isa = PBXBuildFile; fileRef = 7CEEF2692970638500014CE9 /* Assignment_1UITests.swift */; };
		7CEEF26C2970638500014CE9 /* Assignment_1UITestsLaunchTests.swift in Sources */ = {isa = PBXBuildFile; fileRef = 7CEEF26B2970638500014CE9 /* Assignment_1UITestsLaunchTests.swift */; };
/* End PBXBuildFile section */

/* Begin PBXContainerItemProxy section */
		7CEEF25C2970638500014CE9 /* PBXContainerItemProxy */ = {
			isa = PBXContainerItemProxy;
			containerPortal = 7CEEF23A2970638400014CE9 /* Project object */;
			proxyType = 1;
			remoteGlobalIDString = 7CEEF2412970638400014CE9;
			remoteInfo = "Assignment 1";
		};
		7CEEF2662970638500014CE9 /* PBXContainerItemProxy */ = {
			isa = PBXContainerItemProxy;
			containerPortal = 7CEEF23A2970638400014CE9 /* Project object */;
			proxyType = 1;
			remoteGlobalIDString = 7CEEF2412970638400014CE9;
			remoteInfo = "Assignment 1";
		};
/* End PBXContainerItemProxy section */

/* Begin PBXFileReference section */
		7CEEF2422970638400014CE9 /* Assignment 1.app */ = {isa = PBXFileReference; explicitFileType = wrapper.application; includeInIndex = 0; path = "Assignment 1.app"; sourceTree = BUILT_PRODUCTS_DIR; };
		7CEEF2452970638400014CE9 /* AppDelegate.swift */ = {isa = PBXFileReference; lastKnownFileType = sourcecode.swift; path = AppDelegate.swift; sourceTree = "<group>"; };
		7CEEF2472970638400014CE9 /* SceneDelegate.swift */ = {isa = PBXFileReference; lastKnownFileType = sourcecode.swift; path = SceneDelegate.swift; sourceTree = "<group>"; };
		7CEEF2492970638400014CE9 /* ViewController.swift */ = {isa = PBXFileReference; lastKnownFileType = sourcecode.swift; path = ViewController.swift; sourceTree = "<group>"; };
		7CEEF24C2970638400014CE9 /* Base */ = {isa = PBXFileReference; lastKnownFileType = file.storyboard; name = Base; path = Base.lproj/Main.storyboard; sourceTree = "<group>"; };
		7CEEF24F2970638400014CE9 /* Assignment_1.xcdatamodel */ = {isa = PBXFileReference; lastKnownFileType = wrapper.xcdatamodel; path = Assignment_1.xcdatamodel; sourceTree = "<group>"; };
		7CEEF2512970638500014CE9 /* Assets.xcassets */ = {isa = PBXFileReference; lastKnownFileType = folder.assetcatalog; path = Assets.xcassets; sourceTree = "<group>"; };
		7CEEF2542970638500014CE9 /* Base */ = {isa = PBXFileReference; lastKnownFileType = file.storyboard; name = Base; path = Base.lproj/LaunchScreen.storyboard; sourceTree = "<group>"; };
		7CEEF2562970638500014CE9 /* Info.plist */ = {isa = PBXFileReference; lastKnownFileType = text.plist.xml; path = Info.plist; sourceTree = "<group>"; };
		7CEEF25B2970638500014CE9 /* Assignment 1Tests.xctest */ = {isa = PBXFileReference; explicitFileType = wrapper.cfbundle; includeInIndex = 0; path = "Assignment 1Tests.xctest"; sourceTree = BUILT_PRODUCTS_DIR; };
		7CEEF25F2970638500014CE9 /* Assignment_1Tests.swift */ = {isa = PBXFileReference; lastKnownFileType = sourcecode.swift; path = Assignment_1Tests.swift; sourceTree = "<group>"; };
		7CEEF2652970638500014CE9 /* Assignment 1UITests.xctest */ = {isa = PBXFileReference; explicitFileType = wrapper.cfbundle; includeInIndex = 0; path = "Assignment 1UITests.xctest"; sourceTree = BUILT_PRODUCTS_DIR; };
		7CEEF2692970638500014CE9 /* Assignment_1UITests.swift */ = {isa = PBXFileReference; lastKnownFileType = sourcecode.swift; path = Assignment_1UITests.swift; sourceTree = "<group>"; };
		7CEEF26B2970638500014CE9 /* Assignment_1UITestsLaunchTests.swift */ = {isa = PBXFileReference; lastKnownFileType = sourcecode.swift; path = Assignment_1UITestsLaunchTests.swift; sourceTree = "<group>"; };
/* End PBXFileReference section */

/* Begin PBXFrameworksBuildPhase section */
		7CEEF23F2970638400014CE9 /* Frameworks */ = {
			isa = PBXFrameworksBuildPhase;
			buildActionMask = 2147483647;
			files = (
			);
			runOnlyForDeploymentPostprocessing = 0;
		};
		7CEEF2582970638500014CE9 /* Frameworks */ = {
			isa = PBXFrameworksBuildPhase;
			buildActionMask = 2147483647;
			files = (
			);
			runOnlyForDeploymentPostprocessing = 0;
		};
		7CEEF2622970638500014CE9 /* Frameworks */ = {
			isa = PBXFrameworksBuildPhase;
			buildActionMask = 2147483647;
			files = (
			);
			runOnlyForDeploymentPostprocessing = 0;
		};
/* End PBXFrameworksBuildPhase section */

/* Begin PBXGroup section */
		7CEEF2392970638400014CE9 = {
			isa = PBXGroup;
			children = (
				7CEEF2442970638400014CE9 /* Assignment 1 */,
				7CEEF25E2970638500014CE9 /* Assignment 1Tests */,
				7CEEF2682970638500014CE9 /* Assignment 1UITests */,
				7CEEF2432970638400014CE9 /* Products */,
			);
			sourceTree = "<group>";
		};
		7CEEF2432970638400014CE9 /* Products */ = {
			isa = PBXGroup;
			children = (
				7CEEF2422970638400014CE9 /* Assignment 1.app */,
				7CEEF25B2970638500014CE9 /* Assignment 1Tests.xctest */,
				7CEEF2652970638500014CE9 /* Assignment 1UITests.xctest */,
			);
			name = Products;
			sourceTree = "<group>";
		};
		7CEEF2442970638400014CE9 /* Assignment 1 */ = {
			isa = PBXGroup;
			children = (
				7CEEF2452970638400014CE9 /* AppDelegate.swift */,
				7CEEF2472970638400014CE9 /* SceneDelegate.swift */,
				7CEEF2492970638400014CE9 /* ViewController.swift */,
				7CEEF24B2970638400014CE9 /* Main.storyboard */,
				7CEEF2512970638500014CE9 /* Assets.xcassets */,
				7CEEF2532970638500014CE9 /* LaunchScreen.storyboard */,
				7CEEF2562970638500014CE9 /* Info.plist */,
				7CEEF24E2970638400014CE9 /* Assignment_1.xcdatamodeld */,
			);
			path = "Assignment 1";
			sourceTree = "<group>";
		};
		7CEEF25E2970638500014CE9 /* Assignment 1Tests */ = {
			isa = PBXGroup;
			children = (
				7CEEF25F2970638500014CE9 /* Assignment_1Tests.swift */,
			);
			path = "Assignment 1Tests";
			sourceTree = "<group>";
		};
		7CEEF2682970638500014CE9 /* Assignment 1UITests */ = {
			isa = PBXGroup;
			children = (
				7CEEF2692970638500014CE9 /* Assignment_1UITests.swift */,
				7CEEF26B2970638500014CE9 /* Assignment_1UITestsLaunchTests.swift */,
			);
			path = "Assignment 1UITests";
			sourceTree = "<group>";
		};
/* End PBXGroup section */

/* Begin PBXNativeTarget section */
		7CEEF2412970638400014CE9 /* Assignment 1 */ = {
			isa = PBXNativeTarget;
			buildConfigurationList = 7CEEF26F2970638500014CE9 /* Build configuration list for PBXNativeTarget "Assignment 1" */;
			buildPhases = (
				7CEEF23E2970638400014CE9 /* Sources */,
				7CEEF23F2970638400014CE9 /* Frameworks */,
				7CEEF2402970638400014CE9 /* Resources */,
			);
			buildRules = (
			);
			dependencies = (
			);
			name = "Assignment 1";
			productName = "Assignment 1";
			productReference = 7CEEF2422970638400014CE9 /* Assignment 1.app */;
			productType = "com.apple.product-type.application";
		};
		7CEEF25A2970638500014CE9 /* Assignment 1Tests */ = {
			isa = PBXNativeTarget;
			buildConfigurationList = 7CEEF2722970638500014CE9 /* Build configuration list for PBXNativeTarget "Assignment 1Tests" */;
			buildPhases = (
				7CEEF2572970638500014CE9 /* Sources */,
				7CEEF2582970638500014CE9 /* Frameworks */,
				7CEEF2592970638500014CE9 /* Resources */,
			);
			buildRules = (
			);
			dependencies = (
				7CEEF25D2970638500014CE9 /* PBXTargetDependency */,
			);
			name = "Assignment 1Tests";
			productName = "Assignment 1Tests";
			productReference = 7CEEF25B2970638500014CE9 /* Assignment 1Tests.xctest */;
			productType = "com.apple.product-type.bundle.unit-test";
		};
		7CEEF2642970638500014CE9 /* Assignment 1UITests */ = {
			isa = PBXNativeTarget;
			buildConfigurationList = 7CEEF2752970638500014CE9 /* Build configuration list for PBXNativeTarget "Assignment 1UITests" */;
			buildPhases = (
				7CEEF2612970638500014CE9 /* Sources */,
				7CEEF2622970638500014CE9 /* Frameworks */,
				7CEEF2632970638500014CE9 /* Resources */,
			);
			buildRules = (
			);
			dependencies = (
				7CEEF2672970638500014CE9 /* PBXTargetDependency */,
			);
			name = "Assignment 1UITests";
			productName = "Assignment 1UITests";
			productReference = 7CEEF2652970638500014CE9 /* Assignment 1UITests.xctest */;
			productType = "com.apple.product-type.bundle.ui-testing";
		};
/* End PBXNativeTarget section */

/* Begin PBXProject section */
		7CEEF23A2970638400014CE9 /* Project object */ = {
			isa = PBXProject;
			attributes = {
				BuildIndependentTargetsInParallel = 1;
				LastSwiftUpdateCheck = 1420;
				LastUpgradeCheck = 1420;
				TargetAttributes = {
					7CEEF2412970638400014CE9 = {
						CreatedOnToolsVersion = 14.2;
					};
					7CEEF25A2970638500014CE9 = {
						CreatedOnToolsVersion = 14.2;
						TestTargetID = 7CEEF2412970638400014CE9;
					};
					7CEEF2642970638500014CE9 = {
						CreatedOnToolsVersion = 14.2;
						TestTargetID = 7CEEF2412970638400014CE9;
					};
				};
			};
			buildConfigurationList = 7CEEF23D2970638400014CE9 /* Build configuration list for PBXProject "Assignment 1" */;
			compatibilityVersion = "Xcode 14.0";
			developmentRegion = en;
			hasScannedForEncodings = 0;
			knownRegions = (
				en,
				Base,
			);
			mainGroup = 7CEEF2392970638400014CE9;
			productRefGroup = 7CEEF2432970638400014CE9 /* Products */;
			projectDirPath = "";
			projectRoot = "";
			targets = (
				7CEEF2412970638400014CE9 /* Assignment 1 */,
				7CEEF25A2970638500014CE9 /* Assignment 1Tests */,
				7CEEF2642970638500014CE9 /* Assignment 1UITests */,
			);
		};
/* End PBXProject section */

/* Begin PBXResourcesBuildPhase section */
		7CEEF2402970638400014CE9 /* Resources */ = {
			isa = PBXResourcesBuildPhase;
			buildActionMask = 2147483647;
			files = (
				7CEEF2552970638500014CE9 /* LaunchScreen.storyboard in Resources */,
				7CEEF2522970638500014CE9 /* Assets.xcassets in Resources */,
				7CEEF24D2970638400014CE9 /* Main.storyboard in Resources */,
			);
			runOnlyForDeploymentPostprocessing = 0;
		};
		7CEEF2592970638500014CE9 /* Resources */ = {
			isa = PBXResourcesBuildPhase;
			buildActionMask = 2147483647;
			files = (
			);
			runOnlyForDeploymentPostprocessing = 0;
		};
		7CEEF2632970638500014CE9 /* Resources */ = {
			isa = PBXResourcesBuildPhase;
			buildActionMask = 2147483647;
			files = (
			);
			runOnlyForDeploymentPostprocessing = 0;
		};
/* End PBXResourcesBuildPhase section */

/* Begin PBXSourcesBuildPhase section */
		7CEEF23E2970638400014CE9 /* Sources */ = {
			isa = PBXSourcesBuildPhase;
			buildActionMask = 2147483647;
			files = (
				7CEEF24A2970638400014CE9 /* ViewController.swift in Sources */,
				7CEEF2462970638400014CE9 /* AppDelegate.swift in Sources */,
				7CEEF2502970638400014CE9 /* Assignment_1.xcdatamodeld in Sources */,
				7CEEF2482970638400014CE9 /* SceneDelegate.swift in Sources */,
			);
			runOnlyForDeploymentPostprocessing = 0;
		};
		7CEEF2572970638500014CE9 /* Sources */ = {
			isa = PBXSourcesBuildPhase;
			buildActionMask = 2147483647;
			files = (
				7CEEF2602970638500014CE9 /* Assignment_1Tests.swift in Sources */,
			);
			runOnlyForDeploymentPostprocessing = 0;
		};
		7CEEF2612970638500014CE9 /* Sources */ = {
			isa = PBXSourcesBuildPhase;
			buildActionMask = 2147483647;
			files = (
				7CEEF26A2970638500014CE9 /* Assignment_1UITests.swift in Sources */,
				7CEEF26C2970638500014CE9 /* Assignment_1UITestsLaunchTests.swift in Sources */,
			);
			runOnlyForDeploymentPostprocessing = 0;
		};
/* End PBXSourcesBuildPhase section */

/* Begin PBXTargetDependency section */
		7CEEF25D2970638500014CE9 /* PBXTargetDependency */ = {
			isa = PBXTargetDependency;
			target = 7CEEF2412970638400014CE9 /* Assignment 1 */;
			targetProxy = 7CEEF25C2970638500014CE9 /* PBXContainerItemProxy */;
		};
		7CEEF2672970638500014CE9 /* PBXTargetDependency */ = {
			isa = PBXTargetDependency;
			target = 7CEEF2412970638400014CE9 /* Assignment 1 */;
			targetProxy = 7CEEF2662970638500014CE9 /* PBXContainerItemProxy */;
		};
/* End PBXTargetDependency section */

/* Begin PBXVariantGroup section */
		7CEEF24B2970638400014CE9 /* Main.storyboard */ = {
			isa = PBXVariantGroup;
			children = (
				7CEEF24C2970638400014CE9 /* Base */,
			);
			name = Main.storyboard;
			sourceTree = "<group>";
		};
		7CEEF2532970638500014CE9 /* LaunchScreen.storyboard */ = {
			isa = PBXVariantGroup;
			children = (
				7CEEF2542970638500014CE9 /* Base */,
			);
			name = LaunchScreen.storyboard;
			sourceTree = "<group>";
		};
/* End PBXVariantGroup section */

/* Begin XCBuildConfiguration section */
		7CEEF26D2970638500014CE9 /* Debug */ = {
			isa = XCBuildConfiguration;
			buildSettings = {
				ALWAYS_SEARCH_USER_PATHS = NO;
				CLANG_ANALYZER_NONNULL = YES;
				CLANG_ANALYZER_NUMBER_OBJECT_CONVERSION = YES_AGGRESSIVE;
				CLANG_CXX_LANGUAGE_STANDARD = "gnu++20";
				CLANG_ENABLE_MODULES = YES;
				CLANG_ENABLE_OBJC_ARC = YES;
				CLANG_ENABLE_OBJC_WEAK = YES;
				CLANG_WARN_BLOCK_CAPTURE_AUTORELEASING = YES;
				CLANG_WARN_BOOL_CONVERSION = YES;
				CLANG_WARN_COMMA = YES;
				CLANG_WARN_CONSTANT_CONVERSION = YES;
				CLANG_WARN_DEPRECATED_OBJC_IMPLEMENTATIONS = YES;
				CLANG_WARN_DIRECT_OBJC_ISA_USAGE = YES_ERROR;
				CLANG_WARN_DOCUMENTATION_COMMENTS = YES;
				CLANG_WARN_EMPTY_BODY = YES;
				CLANG_WARN_ENUM_CONVERSION = YES;
				CLANG_WARN_INFINITE_RECURSION = YES;
				CLANG_WARN_INT_CONVERSION = YES;
				CLANG_WARN_NON_LITERAL_NULL_CONVERSION = YES;
				CLANG_WARN_OBJC_IMPLICIT_RETAIN_SELF = YES;
				CLANG_WARN_OBJC_LITERAL_CONVERSION = YES;
				CLANG_WARN_OBJC_ROOT_CLASS = YES_ERROR;
				CLANG_WARN_QUOTED_INCLUDE_IN_FRAMEWORK_HEADER = YES;
				CLANG_WARN_RANGE_LOOP_ANALYSIS = YES;
				CLANG_WARN_STRICT_PROTOTYPES = YES;
				CLANG_WARN_SUSPICIOUS_MOVE = YES;
				CLANG_WARN_UNGUARDED_AVAILABILITY = YES_AGGRESSIVE;
				CLANG_WARN_UNREACHABLE_CODE = YES;
				CLANG_WARN__DUPLICATE_METHOD_MATCH = YES;
				COPY_PHASE_STRIP = NO;
				DEBUG_INFORMATION_FORMAT = dwarf;
				ENABLE_STRICT_OBJC_MSGSEND = YES;
				ENABLE_TESTABILITY = YES;
				GCC_C_LANGUAGE_STANDARD = gnu11;
				GCC_DYNAMIC_NO_PIC = NO;
				GCC_NO_COMMON_BLOCKS = YES;
				GCC_OPTIMIZATION_LEVEL = 0;
				GCC_PREPROCESSOR_DEFINITIONS = (
					"DEBUG=1",
					"$(inherited)",
				);
				GCC_WARN_64_TO_32_BIT_CONVERSION = YES;
				GCC_WARN_ABOUT_RETURN_TYPE = YES_ERROR;
				GCC_WARN_UNDECLARED_SELECTOR = YES;
				GCC_WARN_UNINITIALIZED_AUTOS = YES_AGGRESSIVE;
				GCC_WARN_UNUSED_FUNCTION = YES;
				GCC_WARN_UNUSED_VARIABLE = YES;
				IPHONEOS_DEPLOYMENT_TARGET = 16.2;
				MTL_ENABLE_DEBUG_INFO = INCLUDE_SOURCE;
				MTL_FAST_MATH = YES;
				ONLY_ACTIVE_ARCH = YES;
				SDKROOT = iphoneos;
				SWIFT_ACTIVE_COMPILATION_CONDITIONS = DEBUG;
				SWIFT_OPTIMIZATION_LEVEL = "-Onone";
			};
			name = Debug;
		};
		7CEEF26E2970638500014CE9 /* Release */ = {
			isa = XCBuildConfiguration;
			buildSettings = {
				ALWAYS_SEARCH_USER_PATHS = NO;
				CLANG_ANALYZER_NONNULL = YES;
				CLANG_ANALYZER_NUMBER_OBJECT_CONVERSION = YES_AGGRESSIVE;
				CLANG_CXX_LANGUAGE_STANDARD = "gnu++20";
				CLANG_ENABLE_MODULES = YES;
				CLANG_ENABLE_OBJC_ARC = YES;
				CLANG_ENABLE_OBJC_WEAK = YES;
				CLANG_WARN_BLOCK_CAPTURE_AUTORELEASING = YES;
				CLANG_WARN_BOOL_CONVERSION = YES;
				CLANG_WARN_COMMA = YES;
				CLANG_WARN_CONSTANT_CONVERSION = YES;
				CLANG_WARN_DEPRECATED_OBJC_IMPLEMENTATIONS = YES;
				CLANG_WARN_DIRECT_OBJC_ISA_USAGE = YES_ERROR;
				CLANG_WARN_DOCUMENTATION_COMMENTS = YES;
				CLANG_WARN_EMPTY_BODY = YES;
				CLANG_WARN_ENUM_CONVERSION = YES;
				CLANG_WARN_INFINITE_RECURSION = YES;
				CLANG_WARN_INT_CONVERSION = YES;
				CLANG_WARN_NON_LITERAL_NULL_CONVERSION = YES;
				CLANG_WARN_OBJC_IMPLICIT_RETAIN_SELF = YES;
				CLANG_WARN_OBJC_LITERAL_CONVERSION = YES;
				CLANG_WARN_OBJC_ROOT_CLASS = YES_ERROR;
				CLANG_WARN_QUOTED_INCLUDE_IN_FRAMEWORK_HEADER = YES;
				CLANG_WARN_RANGE_LOOP_ANALYSIS = YES;
				CLANG_WARN_STRICT_PROTOTYPES = YES;
				CLANG_WARN_SUSPICIOUS_MOVE = YES;
				CLANG_WARN_UNGUARDED_AVAILABILITY = YES_AGGRESSIVE;
				CLANG_WARN_UNREACHABLE_CODE = YES;
				CLANG_WARN__DUPLICATE_METHOD_MATCH = YES;
				COPY_PHASE_STRIP = NO;
				DEBUG_INFORMATION_FORMAT = "dwarf-with-dsym";
				ENABLE_NS_ASSERTIONS = NO;
				ENABLE_STRICT_OBJC_MSGSEND = YES;
				GCC_C_LANGUAGE_STANDARD = gnu11;
				GCC_NO_COMMON_BLOCKS = YES;
				GCC_WARN_64_TO_32_BIT_CONVERSION = YES;
				GCC_WARN_ABOUT_RETURN_TYPE = YES_ERROR;
				GCC_WARN_UNDECLARED_SELECTOR = YES;
				GCC_WARN_UNINITIALIZED_AUTOS = YES_AGGRESSIVE;
				GCC_WARN_UNUSED_FUNCTION = YES;
				GCC_WARN_UNUSED_VARIABLE = YES;
				IPHONEOS_DEPLOYMENT_TARGET = 16.2;
				MTL_ENABLE_DEBUG_INFO = NO;
				MTL_FAST_MATH = YES;
				SDKROOT = iphoneos;
				SWIFT_COMPILATION_MODE = wholemodule;
				SWIFT_OPTIMIZATION_LEVEL = "-O";
				VALIDATE_PRODUCT = YES;
			};
			name = Release;
		};
		7CEEF2702970638500014CE9 /* Debug */ = {
			isa = XCBuildConfiguration;
			buildSettings = {
				ASSETCATALOG_COMPILER_APPICON_NAME = AppIcon;
				ASSETCATALOG_COMPILER_GLOBAL_ACCENT_COLOR_NAME = AccentColor;
				CODE_SIGN_STYLE = Automatic;
				CURRENT_PROJECT_VERSION = 1;
				DEVELOPMENT_TEAM = 4F65J6KWHG;
				GENERATE_INFOPLIST_FILE = YES;
				INFOPLIST_FILE = "Assignment 1/Info.plist";
				INFOPLIST_KEY_UIApplicationSupportsIndirectInputEvents = YES;
				INFOPLIST_KEY_UILaunchStoryboardName = LaunchScreen;
				INFOPLIST_KEY_UIMainStoryboardFile = Main;
				INFOPLIST_KEY_UISupportedInterfaceOrientations_iPad = "UIInterfaceOrientationPortrait UIInterfaceOrientationPortraitUpsideDown UIInterfaceOrientationLandscapeLeft UIInterfaceOrientationLandscapeRight";
				INFOPLIST_KEY_UISupportedInterfaceOrientations_iPhone = "UIInterfaceOrientationPortrait UIInterfaceOrientationLandscapeLeft UIInterfaceOrientationLandscapeRight";
				LD_RUNPATH_SEARCH_PATHS = (
					"$(inherited)",
					"@executable_path/Frameworks",
				);
				MARKETING_VERSION = 1.0;
				PRODUCT_BUNDLE_IDENTIFIER = "djh0057.Assignment-1";
				PRODUCT_NAME = "$(TARGET_NAME)";
				SWIFT_EMIT_LOC_STRINGS = YES;
				SWIFT_VERSION = 5.0;
				TARGETED_DEVICE_FAMILY = "1,2";
			};
			name = Debug;
		};
		7CEEF2712970638500014CE9 /* Release */ = {
			isa = XCBuildConfiguration;
			buildSettings = {
				ASSETCATALOG_COMPILER_APPICON_NAME = AppIcon;
				ASSETCATALOG_COMPILER_GLOBAL_ACCENT_COLOR_NAME = AccentColor;
				CODE_SIGN_STYLE = Automatic;
				CURRENT_PROJECT_VERSION = 1;
				DEVELOPMENT_TEAM = 4F65J6KWHG;
				GENERATE_INFOPLIST_FILE = YES;
				INFOPLIST_FILE = "Assignment 1/Info.plist";
				INFOPLIST_KEY_UIApplicationSupportsIndirectInputEvents = YES;
				INFOPLIST_KEY_UILaunchStoryboardName = LaunchScreen;
				INFOPLIST_KEY_UIMainStoryboardFile = Main;
				INFOPLIST_KEY_UISupportedInterfaceOrientations_iPad = "UIInterfaceOrientationPortrait UIInterfaceOrientationPortraitUpsideDown UIInterfaceOrientationLandscapeLeft UIInterfaceOrientationLandscapeRight";
				INFOPLIST_KEY_UISupportedInterfaceOrientations_iPhone = "UIInterfaceOrientationPortrait UIInterfaceOrientationLandscapeLeft UIInterfaceOrientationLandscapeRight";
				LD_RUNPATH_SEARCH_PATHS = (
					"$(inherited)",
					"@executable_path/Frameworks",
				);
				MARKETING_VERSION = 1.0;
				PRODUCT_BUNDLE_IDENTIFIER = "djh0057.Assignment-1";
				PRODUCT_NAME = "$(TARGET_NAME)";
				SWIFT_EMIT_LOC_STRINGS = YES;
				SWIFT_VERSION = 5.0;
				TARGETED_DEVICE_FAMILY = "1,2";
			};
			name = Release;
		};
		7CEEF2732970638500014CE9 /* Debug */ = {
			isa = XCBuildConfiguration;
			buildSettings = {
				ALWAYS_EMBED_SWIFT_STANDARD_LIBRARIES = YES;
				BUNDLE_LOADER = "$(TEST_HOST)";
				CODE_SIGN_STYLE = Automatic;
				CURRENT_PROJECT_VERSION = 1;
				DEVELOPMENT_TEAM = 4F65J6KWHG;
				GENERATE_INFOPLIST_FILE = YES;
				IPHONEOS_DEPLOYMENT_TARGET = 16.2;
				MARKETING_VERSION = 1.0;
				PRODUCT_BUNDLE_IDENTIFIER = "djh0057.Assignment-1Tests";
				PRODUCT_NAME = "$(TARGET_NAME)";
				SWIFT_EMIT_LOC_STRINGS = NO;
				SWIFT_VERSION = 5.0;
				TARGETED_DEVICE_FAMILY = "1,2";
				TEST_HOST = "$(BUILT_PRODUCTS_DIR)/Assignment 1.app/$(BUNDLE_EXECUTABLE_FOLDER_PATH)/Assignment 1";
			};
			name = Debug;
		};
		7CEEF2742970638500014CE9 /* Release */ = {
			isa = XCBuildConfiguration;
			buildSettings = {
				ALWAYS_EMBED_SWIFT_STANDARD_LIBRARIES = YES;
				BUNDLE_LOADER = "$(TEST_HOST)";
				CODE_SIGN_STYLE = Automatic;
				CURRENT_PROJECT_VERSION = 1;
				DEVELOPMENT_TEAM = 4F65J6KWHG;
				GENERATE_INFOPLIST_FILE = YES;
				IPHONEOS_DEPLOYMENT_TARGET = 16.2;
				MARKETING_VERSION = 1.0;
				PRODUCT_BUNDLE_IDENTIFIER = "djh0057.Assignment-1Tests";
				PRODUCT_NAME = "$(TARGET_NAME)";
				SWIFT_EMIT_LOC_STRINGS = NO;
				SWIFT_VERSION = 5.0;
				TARGETED_DEVICE_FAMILY = "1,2";
				TEST_HOST = "$(BUILT_PRODUCTS_DIR)/Assignment 1.app/$(BUNDLE_EXECUTABLE_FOLDER_PATH)/Assignment 1";
			};
			name = Release;
		};
		7CEEF2762970638500014CE9 /* Debug */ = {
			isa = XCBuildConfiguration;
			buildSettings = {
				ALWAYS_EMBED_SWIFT_STANDARD_LIBRARIES = YES;
				CODE_SIGN_STYLE = Automatic;
				CURRENT_PROJECT_VERSION = 1;
				DEVELOPMENT_TEAM = 4F65J6KWHG;
				GENERATE_INFOPLIST_FILE = YES;
				MARKETING_VERSION = 1.0;
				PRODUCT_BUNDLE_IDENTIFIER = "djh0057.Assignment-1UITests";
				PRODUCT_NAME = "$(TARGET_NAME)";
				SWIFT_EMIT_LOC_STRINGS = NO;
				SWIFT_VERSION = 5.0;
				TARGETED_DEVICE_FAMILY = "1,2";
				TEST_TARGET_NAME = "Assignment 1";
			};
			name = Debug;
		};
		7CEEF2772970638500014CE9 /* Release */ = {
			isa = XCBuildConfiguration;
			buildSettings = {
				ALWAYS_EMBED_SWIFT_STANDARD_LIBRARIES = YES;
				CODE_SIGN_STYLE = Automatic;
				CURRENT_PROJECT_VERSION = 1;
				DEVELOPMENT_TEAM = 4F65J6KWHG;
				GENERATE_INFOPLIST_FILE = YES;
				MARKETING_VERSION = 1.0;
				PRODUCT_BUNDLE_IDENTIFIER = "djh0057.Assignment-1UITests";
				PRODUCT_NAME = "$(TARGET_NAME)";
				SWIFT_EMIT_LOC_STRINGS = NO;
				SWIFT_VERSION = 5.0;
				TARGETED_DEVICE_FAMILY = "1,2";
				TEST_TARGET_NAME = "Assignment 1";
			};
			name = Release;
		};
/* End XCBuildConfiguration section */

/* Begin XCConfigurationList section */
		7CEEF23D2970638400014CE9 /* Build configuration list for PBXProject "Assignment 1" */ = {
			isa = XCConfigurationList;
			buildConfigurations = (
				7CEEF26D2970638500014CE9 /* Debug */,
				7CEEF26E2970638500014CE9 /* Release */,
			);
			defaultConfigurationIsVisible = 0;
			defaultConfigurationName = Release;
		};
		7CEEF26F2970638500014CE9 /* Build configuration list for PBXNativeTarget "Assignment 1" */ = {
			isa = XCConfigurationList;
			buildConfigurations = (
				7CEEF2702970638500014CE9 /* Debug */,
				7CEEF2712970638500014CE9 /* Release */,
			);
			defaultConfigurationIsVisible = 0;
			defaultConfigurationName = Release;
		};
		7CEEF2722970638500014CE9 /* Build configuration list for PBXNativeTarget "Assignment 1Tests" */ = {
			isa = XCConfigurationList;
			buildConfigurations = (
				7CEEF2732970638500014CE9 /* Debug */,
				7CEEF2742970638500014CE9 /* Release */,
			);
			defaultConfigurationIsVisible = 0;
			defaultConfigurationName = Release;
		};
		7CEEF2752970638500014CE9 /* Build configuration list for PBXNativeTarget "Assignment 1UITests" */ = {
			isa = XCConfigurationList;
			buildConfigurations = (
				7CEEF2762970638500014CE9 /* Debug */,
				7CEEF2772970638500014CE9 /* Release */,
			);
			defaultConfigurationIsVisible = 0;
			defaultConfigurationName = Release;
		};
/* End XCConfigurationList section */

/* Begin XCVersionGroup section */
		7CEEF24E2970638400014CE9 /* Assignment_1.xcdatamodeld */ = {
			isa = XCVersionGroup;
			children = (
				7CEEF24F2970638400014CE9 /* Assignment_1.xcdatamodel */,
			);
			currentVersion = 7CEEF24F2970638400014CE9 /* Assignment_1.xcdatamodel */;
			path = Assignment_1.xcdatamodeld;
			sourceTree = "<group>";
			versionGroupType = wrapper.xcdatamodel;
		};
/* End XCVersionGroup section */
	};
	rootObject = 7CEEF23A2970638400014CE9 /* Project object */;
}
